
Microsoft Visual Studio Solution File, Format Version 12.00
# Visual Studio Version 17
VisualStudioVersion = 17.7.34024.191
MinimumVisualStudioVersion = 10.0.40219.1
Project("{FAE04EC0-301F-11D3-BF4B-00C04F79EFBC}") = "SoulCovenant_bhaptics", "SoulCovenant_bhaptics.csproj", "{FC5BA048-5C03-4424-98E6-BE7D9F411524}"
EndProject
Global
	GlobalSection(SolutionConfigurationPlatforms) = preSolution
		Debug|Any CPU = Debug|Any CPU
		Release|Any CPU = Release|Any CPU
	EndGlobalSection
	GlobalSection(ProjectConfigurationPlatforms) = postSolution
		{FC5BA048-5C03-4424-98E6-BE7D9F411524}.Debug|Any CPU.ActiveCfg = Debug|Any CPU
		{FC5BA048-5C03-4424-98E6-BE7D9F411524}.Debug|Any CPU.Build.0 = Debug|Any CPU
		{FC5BA048-5C03-4424-98E6-BE7D9F411524}.Release|Any CPU.ActiveCfg = Release|Any CPU
		{FC5BA048-5C03-4424-98E6-BE7D9F411524}.Release|Any CPU.Build.0 = Release|Any CPU
	EndGlobalSection
	GlobalSection(SolutionProperties) = preSolution
		HideSolutionNode = FALSE
	EndGlobalSection
	GlobalSection(ExtensibilityGlobals) = postSolution
		SolutionGuid = {11D0D3D7-159B-430B-9C7F-81A4C7BA2048}
	EndGlobalSection
EndGlobal
